// !$*UTF8*$!
{
	archiveVersion = 1;
	classes = {
	};
	objectVersion = 56;
	objects = {

/* Begin PBXBuildFile section */
		321B1E33298589FF00E2CFEE /* CustomVisualEffectView.swift in Sources */ = {isa = PBXBuildFile; fileRef = 321B1E32298589FF00E2CFEE /* CustomVisualEffectView.swift */; };
		3229E7632977CA54006FC6CB /* ChatViewController.swift in Sources */ = {isa = PBXBuildFile; fileRef = 3229E7622977CA54006FC6CB /* ChatViewController.swift */; };
		328C296E29781DF1007DCDD9 /* MyChatTableViewCell.swift in Sources */ = {isa = PBXBuildFile; fileRef = 328C296C29781DF1007DCDD9 /* MyChatTableViewCell.swift */; };
		328C296F29781DF1007DCDD9 /* MyChatTableViewCell.xib in Resources */ = {isa = PBXBuildFile; fileRef = 328C296D29781DF1007DCDD9 /* MyChatTableViewCell.xib */; };
		328C297229781E26007DCDD9 /* YourChatTableViewCell.swift in Sources */ = {isa = PBXBuildFile; fileRef = 328C297029781E26007DCDD9 /* YourChatTableViewCell.swift */; };
		328C297329781E26007DCDD9 /* YourChatTableViewCell.xib in Resources */ = {isa = PBXBuildFile; fileRef = 328C297129781E26007DCDD9 /* YourChatTableViewCell.xib */; };
		329296782978FDC00077F98E /* RegisterPostViewController.swift in Sources */ = {isa = PBXBuildFile; fileRef = 329296772978FDC00077F98E /* RegisterPostViewController.swift */; };
		32A3F1772974646C00B0347D /* AlarmNChatListViewController.swift in Sources */ = {isa = PBXBuildFile; fileRef = 32A3F1762974646C00B0347D /* AlarmNChatListViewController.swift */; };
		32A3F17929747B4500B0347D /* AlarmTableViewCell.swift in Sources */ = {isa = PBXBuildFile; fileRef = 32A3F17829747B4500B0347D /* AlarmTableViewCell.swift */; };
		32A3F17B2974818400B0347D /* ChatListViewController.swift in Sources */ = {isa = PBXBuildFile; fileRef = 32A3F17A2974818400B0347D /* ChatListViewController.swift */; };
		32A3F17D297515C600B0347D /* AlarmListViewController.swift in Sources */ = {isa = PBXBuildFile; fileRef = 32A3F17C297515C600B0347D /* AlarmListViewController.swift */; };
		32A3F17F2976DFB000B0347D /* ChatAlarmTableViewCell.swift in Sources */ = {isa = PBXBuildFile; fileRef = 32A3F17E2976DFB000B0347D /* ChatAlarmTableViewCell.swift */; };
		32AB016D2969A0C5007D550A /* HandsUp.storyboard in Resources */ = {isa = PBXBuildFile; fileRef = 32AB016C2969A0C5007D550A /* HandsUp.storyboard */; };
		32AB018329730B2F007D550A /* CustomSwitch.swift in Sources */ = {isa = PBXBuildFile; fileRef = 32AB018229730B2F007D550A /* CustomSwitch.swift */; };
		32AB018529730C4C007D550A /* CustomThumbView.swift in Sources */ = {isa = PBXBuildFile; fileRef = 32AB018429730C4C007D550A /* CustomThumbView.swift */; };
		32D6577929824271007609A2 /* PostThroughChatViewController.swift in Sources */ = {isa = PBXBuildFile; fileRef = 32D6577829824271007609A2 /* PostThroughChatViewController.swift */; };
		480B01E5297149D1007054B1 /* EditProfile.swift in Sources */ = {isa = PBXBuildFile; fileRef = 480B01E4297149D1007054B1 /* EditProfile.swift */; };
		480B01E729715A3C007054B1 /* EditProfileName.swift in Sources */ = {isa = PBXBuildFile; fileRef = 480B01E629715A3C007054B1 /* EditProfileName.swift */; };
		4819DCD82980CA1100549538 /* FirtstListTableViewCell.swift in Sources */ = {isa = PBXBuildFile; fileRef = 4819DCD72980CA1100549538 /* FirtstListTableViewCell.swift */; };
		4819DD3229828C1300549538 /* CustromSwitchHome.swift in Sources */ = {isa = PBXBuildFile; fileRef = 4819DD3129828C1300549538 /* CustromSwitchHome.swift */; };
		4824DC93297007C9004F0177 /* ToS.swift in Sources */ = {isa = PBXBuildFile; fileRef = 4824DC92297007C9004F0177 /* ToS.swift */; };
		48398AE6297288F9006FD205 /* Report.swift in Sources */ = {isa = PBXBuildFile; fileRef = 48398AE5297288F9006FD205 /* Report.swift */; };
		48398AE829728FA0006FD205 /* MyPost.swift in Sources */ = {isa = PBXBuildFile; fileRef = 48398AE729728FA0006FD205 /* MyPost.swift */; };
		48398AEA297295C5006FD205 /* MyPostTableViewCell.swift in Sources */ = {isa = PBXBuildFile; fileRef = 48398AE9297295C5006FD205 /* MyPostTableViewCell.swift */; };
		48398AED2972DB34006FD205 /* Tabman in Frameworks */ = {isa = PBXBuildFile; productRef = 48398AEC2972DB34006FD205 /* Tabman */; };
		48398AF329753FB7006FD205 /* TabManViewController.swift in Sources */ = {isa = PBXBuildFile; fileRef = 48398AF229753FB7006FD205 /* TabManViewController.swift */; };
		48398AF529754011006FD205 /* FirstTabViewController.swift in Sources */ = {isa = PBXBuildFile; fileRef = 48398AF429754011006FD205 /* FirstTabViewController.swift */; };
		48398AF729754025006FD205 /* SecondTabViewController.swift in Sources */ = {isa = PBXBuildFile; fileRef = 48398AF629754025006FD205 /* SecondTabViewController.swift */; };
		48398AF929754035006FD205 /* ThirdTabViewController.swift in Sources */ = {isa = PBXBuildFile; fileRef = 48398AF829754035006FD205 /* ThirdTabViewController.swift */; };
		48398AFB29754068006FD205 /* FourthTabViewController.swift in Sources */ = {isa = PBXBuildFile; fileRef = 48398AFA29754068006FD205 /* FourthTabViewController.swift */; };
		48398AFD29754071006FD205 /* FifthTabViewController.swift in Sources */ = {isa = PBXBuildFile; fileRef = 48398AFC29754071006FD205 /* FifthTabViewController.swift */; };
		48398AFF29754098006FD205 /* SixthTabViewController.swift in Sources */ = {isa = PBXBuildFile; fileRef = 48398AFE29754098006FD205 /* SixthTabViewController.swift */; };
		4842441C2971924700D9C803 /* AccountManagement.swift in Sources */ = {isa = PBXBuildFile; fileRef = 4842441B2971924700D9C803 /* AccountManagement.swift */; };
		486CFF4929756BD0003761E7 /* TabManListVC.swift in Sources */ = {isa = PBXBuildFile; fileRef = 486CFF4829756BD0003761E7 /* TabManListVC.swift */; };
		486CFF4B29756C25003761E7 /* ListFirstTabVC.swift in Sources */ = {isa = PBXBuildFile; fileRef = 486CFF4A29756C25003761E7 /* ListFirstTabVC.swift */; };
		486CFF4D29756C3A003761E7 /* ListSecondTabVC.swift in Sources */ = {isa = PBXBuildFile; fileRef = 486CFF4C29756C3A003761E7 /* ListSecondTabVC.swift */; };
		486CFF4F29756C49003761E7 /* ListThirdTabVC.swift in Sources */ = {isa = PBXBuildFile; fileRef = 486CFF4E29756C49003761E7 /* ListThirdTabVC.swift */; };
		486CFF5129756C55003761E7 /* ListFourthTabVC.swift in Sources */ = {isa = PBXBuildFile; fileRef = 486CFF5029756C55003761E7 /* ListFourthTabVC.swift */; };
		486CFF5329756C60003761E7 /* ListFifthTabVC.swift in Sources */ = {isa = PBXBuildFile; fileRef = 486CFF5229756C60003761E7 /* ListFifthTabVC.swift */; };
		486CFF5529756C6E003761E7 /* ListSixthTabVC.swift in Sources */ = {isa = PBXBuildFile; fileRef = 486CFF5429756C6E003761E7 /* ListSixthTabVC.swift */; };
		487D5FDD296AA8EF00BE2CCC /* FAQ.swift in Sources */ = {isa = PBXBuildFile; fileRef = 487D5FDC296AA8EF00BE2CCC /* FAQ.swift */; };
		489642D5298658CF0095175F /* map_pinup_custom@3x.png in Resources */ = {isa = PBXBuildFile; fileRef = 489642B0298658CF0095175F /* map_pinup_custom@3x.png */; };
		489642D6298658CF0095175F /* map_pin_custom.png in Resources */ = {isa = PBXBuildFile; fileRef = 489642B1298658CF0095175F /* map_pin_custom.png */; };
		489642D7298658CF0095175F /* shadow_balloon.png in Resources */ = {isa = PBXBuildFile; fileRef = 489642B2298658CF0095175F /* shadow_balloon.png */; };
		489642D8298658CF0095175F /* map_pinup.png in Resources */ = {isa = PBXBuildFile; fileRef = 489642B3298658CF0095175F /* map_pinup.png */; };
		489642D9298658CF0095175F /* detail_button.png in Resources */ = {isa = PBXBuildFile; fileRef = 489642B4298658CF0095175F /* detail_button.png */; };
		489642DA298658CF0095175F /* map_pin_custom@3x.png in Resources */ = {isa = PBXBuildFile; fileRef = 489642B5298658CF0095175F /* map_pin_custom@3x.png */; };
		489642DB298658CF0095175F /* map_pinup@3x.png in Resources */ = {isa = PBXBuildFile; fileRef = 489642B6298658CF0095175F /* map_pinup@3x.png */; };
		489642DC298658CF0095175F /* map_pin_shadow@3x.png in Resources */ = {isa = PBXBuildFile; fileRef = 489642B7298658CF0095175F /* map_pin_shadow@3x.png */; };
		489642DD298658CF0095175F /* copyright.png in Resources */ = {isa = PBXBuildFile; fileRef = 489642B8298658CF0095175F /* copyright.png */; };
		489642DE298658CF0095175F /* th_line.png in Resources */ = {isa = PBXBuildFile; fileRef = 489642B9298658CF0095175F /* th_line.png */; };
		489642DF298658CF0095175F /* map_pin_red@3x.png in Resources */ = {isa = PBXBuildFile; fileRef = 489642BA298658CF0095175F /* map_pin_red@3x.png */; };
		489642E0298658CF0095175F /* daum_copyright.png in Resources */ = {isa = PBXBuildFile; fileRef = 489642BB298658CF0095175F /* daum_copyright.png */; };
		489642E1298658CF0095175F /* map_pin@3x.png in Resources */ = {isa = PBXBuildFile; fileRef = 489642BC298658CF0095175F /* map_pin@3x.png */; };
		489642E2298658CF0095175F /* map_present_tracking.png in Resources */ = {isa = PBXBuildFile; fileRef = 489642BD298658CF0095175F /* map_present_tracking.png */; };
		489642E3298658CF0095175F /* map_pin_red.png in Resources */ = {isa = PBXBuildFile; fileRef = 489642BE298658CF0095175F /* map_pin_red.png */; };
		489642E4298658CF0095175F /* info_box.png in Resources */ = {isa = PBXBuildFile; fileRef = 489642C8298658CF0095175F /* info_box.png */; };
		489642E5298658CF0095175F /* point_sprite.png in Resources */ = {isa = PBXBuildFile; fileRef = 489642C9298658CF0095175F /* point_sprite.png */; };
		489642E6298658CF0095175F /* map_pinup_custom.png in Resources */ = {isa = PBXBuildFile; fileRef = 489642CA298658CF0095175F /* map_pinup_custom.png */; };
		489642E7298658CF0095175F /* info_box_tail.png in Resources */ = {isa = PBXBuildFile; fileRef = 489642CB298658CF0095175F /* info_box_tail.png */; };
		489642E8298658CF0095175F /* noimage256.png in Resources */ = {isa = PBXBuildFile; fileRef = 489642CC298658CF0095175F /* noimage256.png */; };
		489642E9298658CF0095175F /* map_present_direction.png in Resources */ = {isa = PBXBuildFile; fileRef = 489642CD298658CF0095175F /* map_present_direction.png */; };
		489642EA298658CF0095175F /* map_pin.png in Resources */ = {isa = PBXBuildFile; fileRef = 489642CE298658CF0095175F /* map_pin.png */; };
		489642EB298658CF0095175F /* map_present.png in Resources */ = {isa = PBXBuildFile; fileRef = 489642CF298658CF0095175F /* map_present.png */; };
		489642EC298658CF0095175F /* noimage.png in Resources */ = {isa = PBXBuildFile; fileRef = 489642D0298658CF0095175F /* noimage.png */; };
		489642ED298658CF0095175F /* map_present_background_update.png in Resources */ = {isa = PBXBuildFile; fileRef = 489642D1298658CF0095175F /* map_present_background_update.png */; };
		489642EE298658CF0095175F /* daum_th_line.png in Resources */ = {isa = PBXBuildFile; fileRef = 489642D2298658CF0095175F /* daum_th_line.png */; };
		489642EF298658CF0095175F /* map_pin_shadow.png in Resources */ = {isa = PBXBuildFile; fileRef = 489642D3298658CF0095175F /* map_pin_shadow.png */; };
		489642F0298658CF0095175F /* DaumMap.framework in Frameworks */ = {isa = PBXBuildFile; fileRef = 489642D4298658CF0095175F /* DaumMap.framework */; };
		489642F2298658FB0095175F /* Metal.framework in Frameworks */ = {isa = PBXBuildFile; fileRef = 489642F1298658FB0095175F /* Metal.framework */; };
		489642F4298659030095175F /* SystemConfiguration.framework in Frameworks */ = {isa = PBXBuildFile; fileRef = 489642F3298659030095175F /* SystemConfiguration.framework */; };
		489642F62986590A0095175F /* CoreLocation.framework in Frameworks */ = {isa = PBXBuildFile; fileRef = 489642F52986590A0095175F /* CoreLocation.framework */; };
		489642F8298659110095175F /* QuartzCore.framework in Frameworks */ = {isa = PBXBuildFile; fileRef = 489642F7298659110095175F /* QuartzCore.framework */; };
		489642FA2986591D0095175F /* libc++.tbd in Frameworks */ = {isa = PBXBuildFile; fileRef = 489642F9298659180095175F /* libc++.tbd */; };
		489642FC2986592B0095175F /* libxml2.tbd in Frameworks */ = {isa = PBXBuildFile; fileRef = 489642FB298659260095175F /* libxml2.tbd */; };
		489642FE298659380095175F /* libsqlite3.tbd in Frameworks */ = {isa = PBXBuildFile; fileRef = 489642FD298659320095175F /* libsqlite3.tbd */; };
		48C318942975B26000037D89 /* SnapKit in Frameworks */ = {isa = PBXBuildFile; productRef = 48C318932975B26000037D89 /* SnapKit */; };
		8B2109172966DFF20042D14A /* AppDelegate.swift in Sources */ = {isa = PBXBuildFile; fileRef = 8B2109162966DFF20042D14A /* AppDelegate.swift */; };
		8B2109192966DFF20042D14A /* SceneDelegate.swift in Sources */ = {isa = PBXBuildFile; fileRef = 8B2109182966DFF20042D14A /* SceneDelegate.swift */; };
		8B21091E2966DFF20042D14A /* (null) in Resources */ = {isa = PBXBuildFile; };
		8B2109202966DFF30042D14A /* Assets.xcassets in Resources */ = {isa = PBXBuildFile; fileRef = 8B21091F2966DFF30042D14A /* Assets.xcassets */; };
		8B2109232966DFF30042D14A /* LaunchScreen.storyboard in Resources */ = {isa = PBXBuildFile; fileRef = 8B2109212966DFF30042D14A /* LaunchScreen.storyboard */; };
		8B21092C2966E1430042D14A /* Alamofire in Frameworks */ = {isa = PBXBuildFile; productRef = 8B21092B2966E1430042D14A /* Alamofire */; };
		8B4589742970B0FE0044227F /* FirstResponder.swift in Sources */ = {isa = PBXBuildFile; fileRef = 8B4589732970B0FE0044227F /* FirstResponder.swift */; };
		8B45E0D2297A3CC50057D156 /* EnableButtonScroll.swift in Sources */ = {isa = PBXBuildFile; fileRef = 8B45E0D1297A3CC50057D156 /* EnableButtonScroll.swift */; };
		8B4BF0C72968C11F00B00890 /* FindPW_ViewController.swift in Sources */ = {isa = PBXBuildFile; fileRef = 8B4BF0C62968C11F00B00890 /* FindPW_ViewController.swift */; };
		8B4BF0D62968DAD200B00890 /* Roboto-Regular.ttf in Resources */ = {isa = PBXBuildFile; fileRef = 8B4BF0CA2968DAD100B00890 /* Roboto-Regular.ttf */; };
		8B4BF0D72968DAD200B00890 /* Roboto-Thin.ttf in Resources */ = {isa = PBXBuildFile; fileRef = 8B4BF0CB2968DAD100B00890 /* Roboto-Thin.ttf */; };
		8B4BF0DA2968DAD200B00890 /* Roboto-Medium.ttf in Resources */ = {isa = PBXBuildFile; fileRef = 8B4BF0CE2968DAD200B00890 /* Roboto-Medium.ttf */; };
		8B4BF0DF2968DAD200B00890 /* Roboto-Light.ttf in Resources */ = {isa = PBXBuildFile; fileRef = 8B4BF0D32968DAD200B00890 /* Roboto-Light.ttf */; };
		8B4BF0E02968DAD200B00890 /* Roboto-Bold.ttf in Resources */ = {isa = PBXBuildFile; fileRef = 8B4BF0D42968DAD200B00890 /* Roboto-Bold.ttf */; };
		8B5EEBD22979620600D877E8 /* Main.storyboard in Resources */ = {isa = PBXBuildFile; fileRef = 8B082A4B2972DBDF0063E6E4 /* Main.storyboard */; };
		8B648083296E9191008D28CF /* SignupData.swift in Sources */ = {isa = PBXBuildFile; fileRef = 8B648082296E9191008D28CF /* SignupData.swift */; };
		8B648085296ECD5D008D28CF /* Character_UIView.swift in Sources */ = {isa = PBXBuildFile; fileRef = 8B648084296ECD5D008D28CF /* Character_UIView.swift */; };
		8B648089296F3FF2008D28CF /* CharacterEdit_ViewController.swift in Sources */ = {isa = PBXBuildFile; fileRef = 8B648088296F3FF2008D28CF /* CharacterEdit_ViewController.swift */; };
		8B6A60B1296FE40300E55A5D /* Sign_up_ViewController.swift in Sources */ = {isa = PBXBuildFile; fileRef = 8B6A60B0296FE40300E55A5D /* Sign_up_ViewController.swift */; };
		8B7E877C296AE67A008F6BF5 /* KeyboardDisappear_UIViewController.swift in Sources */ = {isa = PBXBuildFile; fileRef = 8B7E877B296AE67A008F6BF5 /* KeyboardDisappear_UIViewController.swift */; };
		8BA3980C29862F2600A532D4 /* ServerAPI.swift in Sources */ = {isa = PBXBuildFile; fileRef = 8BA3980B29862F2600A532D4 /* ServerAPI.swift */; };
		8BA6064A2968805000F89636 /* RoundedShadow_UIButton.swift in Sources */ = {isa = PBXBuildFile; fileRef = 8BA606492968805000F89636 /* RoundedShadow_UIButton.swift */; };
		8BA6064C2968861400F89636 /* Login_ViewController.swift in Sources */ = {isa = PBXBuildFile; fileRef = 8BA6064B2968861400F89636 /* Login_ViewController.swift */; };
		8BA6064F29688D7800F89636 /* RoundedShadow_UIView.swift in Sources */ = {isa = PBXBuildFile; fileRef = 8BA6064E29688D7800F89636 /* RoundedShadow_UIView.swift */; };
		8BB1EB5F296866D000820C07 /* Login.storyboard in Resources */ = {isa = PBXBuildFile; fileRef = 8BB1EB5E296866D000820C07 /* Login.storyboard */; };
		8BD2AF97296A5E0A007FD6BD /* Sign_up.storyboard in Resources */ = {isa = PBXBuildFile; fileRef = 8BD2AF96296A5E0A007FD6BD /* Sign_up.storyboard */; };
		8BE974D7297959E8008DD78D /* ViewController.swift in Sources */ = {isa = PBXBuildFile; fileRef = 8BE974D6297959E8008DD78D /* ViewController.swift */; };
/* End PBXBuildFile section */

/* Begin PBXFileReference section */
		321B1E32298589FF00E2CFEE /* CustomVisualEffectView.swift */ = {isa = PBXFileReference; lastKnownFileType = sourcecode.swift; path = CustomVisualEffectView.swift; sourceTree = "<group>"; };
		3229E7622977CA54006FC6CB /* ChatViewController.swift */ = {isa = PBXFileReference; lastKnownFileType = sourcecode.swift; path = ChatViewController.swift; sourceTree = "<group>"; };
		328C296C29781DF1007DCDD9 /* MyChatTableViewCell.swift */ = {isa = PBXFileReference; lastKnownFileType = sourcecode.swift; path = MyChatTableViewCell.swift; sourceTree = "<group>"; };
		328C296D29781DF1007DCDD9 /* MyChatTableViewCell.xib */ = {isa = PBXFileReference; lastKnownFileType = file.xib; path = MyChatTableViewCell.xib; sourceTree = "<group>"; };
		328C297029781E26007DCDD9 /* YourChatTableViewCell.swift */ = {isa = PBXFileReference; lastKnownFileType = sourcecode.swift; path = YourChatTableViewCell.swift; sourceTree = "<group>"; };
		328C297129781E26007DCDD9 /* YourChatTableViewCell.xib */ = {isa = PBXFileReference; lastKnownFileType = file.xib; path = YourChatTableViewCell.xib; sourceTree = "<group>"; };
		329296772978FDC00077F98E /* RegisterPostViewController.swift */ = {isa = PBXFileReference; lastKnownFileType = sourcecode.swift; path = RegisterPostViewController.swift; sourceTree = "<group>"; };
		32A3F1762974646C00B0347D /* AlarmNChatListViewController.swift */ = {isa = PBXFileReference; lastKnownFileType = sourcecode.swift; path = AlarmNChatListViewController.swift; sourceTree = "<group>"; };
		32A3F17829747B4500B0347D /* AlarmTableViewCell.swift */ = {isa = PBXFileReference; lastKnownFileType = sourcecode.swift; path = AlarmTableViewCell.swift; sourceTree = "<group>"; };
		32A3F17A2974818400B0347D /* ChatListViewController.swift */ = {isa = PBXFileReference; lastKnownFileType = sourcecode.swift; path = ChatListViewController.swift; sourceTree = "<group>"; };
		32A3F17C297515C600B0347D /* AlarmListViewController.swift */ = {isa = PBXFileReference; lastKnownFileType = sourcecode.swift; path = AlarmListViewController.swift; sourceTree = "<group>"; };
		32A3F17E2976DFB000B0347D /* ChatAlarmTableViewCell.swift */ = {isa = PBXFileReference; lastKnownFileType = sourcecode.swift; path = ChatAlarmTableViewCell.swift; sourceTree = "<group>"; };
		32AB016C2969A0C5007D550A /* HandsUp.storyboard */ = {isa = PBXFileReference; lastKnownFileType = file.storyboard; path = HandsUp.storyboard; sourceTree = "<group>"; };
		32AB018229730B2F007D550A /* CustomSwitch.swift */ = {isa = PBXFileReference; lastKnownFileType = sourcecode.swift; path = CustomSwitch.swift; sourceTree = "<group>"; };
		32AB018429730C4C007D550A /* CustomThumbView.swift */ = {isa = PBXFileReference; lastKnownFileType = sourcecode.swift; path = CustomThumbView.swift; sourceTree = "<group>"; };
		32D6577829824271007609A2 /* PostThroughChatViewController.swift */ = {isa = PBXFileReference; lastKnownFileType = sourcecode.swift; path = PostThroughChatViewController.swift; sourceTree = "<group>"; };
		480B01E4297149D1007054B1 /* EditProfile.swift */ = {isa = PBXFileReference; lastKnownFileType = sourcecode.swift; path = EditProfile.swift; sourceTree = "<group>"; };
		480B01E629715A3C007054B1 /* EditProfileName.swift */ = {isa = PBXFileReference; lastKnownFileType = sourcecode.swift; path = EditProfileName.swift; sourceTree = "<group>"; };
		4819DCD72980CA1100549538 /* FirtstListTableViewCell.swift */ = {isa = PBXFileReference; lastKnownFileType = sourcecode.swift; path = FirtstListTableViewCell.swift; sourceTree = "<group>"; };
		4819DD3129828C1300549538 /* CustromSwitchHome.swift */ = {isa = PBXFileReference; lastKnownFileType = sourcecode.swift; path = CustromSwitchHome.swift; sourceTree = "<group>"; };
		4824DC92297007C9004F0177 /* ToS.swift */ = {isa = PBXFileReference; lastKnownFileType = sourcecode.swift; path = ToS.swift; sourceTree = "<group>"; };
		48398AE5297288F9006FD205 /* Report.swift */ = {isa = PBXFileReference; lastKnownFileType = sourcecode.swift; path = Report.swift; sourceTree = "<group>"; };
		48398AE729728FA0006FD205 /* MyPost.swift */ = {isa = PBXFileReference; lastKnownFileType = sourcecode.swift; path = MyPost.swift; sourceTree = "<group>"; };
		48398AE9297295C5006FD205 /* MyPostTableViewCell.swift */ = {isa = PBXFileReference; lastKnownFileType = sourcecode.swift; path = MyPostTableViewCell.swift; sourceTree = "<group>"; };
		48398AF229753FB7006FD205 /* TabManViewController.swift */ = {isa = PBXFileReference; lastKnownFileType = sourcecode.swift; path = TabManViewController.swift; sourceTree = "<group>"; };
		48398AF429754011006FD205 /* FirstTabViewController.swift */ = {isa = PBXFileReference; lastKnownFileType = sourcecode.swift; path = FirstTabViewController.swift; sourceTree = "<group>"; };
		48398AF629754025006FD205 /* SecondTabViewController.swift */ = {isa = PBXFileReference; lastKnownFileType = sourcecode.swift; path = SecondTabViewController.swift; sourceTree = "<group>"; };
		48398AF829754035006FD205 /* ThirdTabViewController.swift */ = {isa = PBXFileReference; lastKnownFileType = sourcecode.swift; path = ThirdTabViewController.swift; sourceTree = "<group>"; };
		48398AFA29754068006FD205 /* FourthTabViewController.swift */ = {isa = PBXFileReference; lastKnownFileType = sourcecode.swift; path = FourthTabViewController.swift; sourceTree = "<group>"; };
		48398AFC29754071006FD205 /* FifthTabViewController.swift */ = {isa = PBXFileReference; lastKnownFileType = sourcecode.swift; path = FifthTabViewController.swift; sourceTree = "<group>"; };
		48398AFE29754098006FD205 /* SixthTabViewController.swift */ = {isa = PBXFileReference; lastKnownFileType = sourcecode.swift; path = SixthTabViewController.swift; sourceTree = "<group>"; };
		4842441B2971924700D9C803 /* AccountManagement.swift */ = {isa = PBXFileReference; lastKnownFileType = sourcecode.swift; path = AccountManagement.swift; sourceTree = "<group>"; };
		486CFF4829756BD0003761E7 /* TabManListVC.swift */ = {isa = PBXFileReference; lastKnownFileType = sourcecode.swift; path = TabManListVC.swift; sourceTree = "<group>"; };
		486CFF4A29756C25003761E7 /* ListFirstTabVC.swift */ = {isa = PBXFileReference; lastKnownFileType = sourcecode.swift; path = ListFirstTabVC.swift; sourceTree = "<group>"; };
		486CFF4C29756C3A003761E7 /* ListSecondTabVC.swift */ = {isa = PBXFileReference; lastKnownFileType = sourcecode.swift; path = ListSecondTabVC.swift; sourceTree = "<group>"; };
		486CFF4E29756C49003761E7 /* ListThirdTabVC.swift */ = {isa = PBXFileReference; lastKnownFileType = sourcecode.swift; path = ListThirdTabVC.swift; sourceTree = "<group>"; };
		486CFF5029756C55003761E7 /* ListFourthTabVC.swift */ = {isa = PBXFileReference; lastKnownFileType = sourcecode.swift; path = ListFourthTabVC.swift; sourceTree = "<group>"; };
		486CFF5229756C60003761E7 /* ListFifthTabVC.swift */ = {isa = PBXFileReference; lastKnownFileType = sourcecode.swift; path = ListFifthTabVC.swift; sourceTree = "<group>"; };
		486CFF5429756C6E003761E7 /* ListSixthTabVC.swift */ = {isa = PBXFileReference; lastKnownFileType = sourcecode.swift; path = ListSixthTabVC.swift; sourceTree = "<group>"; };
		487D5FDC296AA8EF00BE2CCC /* FAQ.swift */ = {isa = PBXFileReference; lastKnownFileType = sourcecode.swift; path = FAQ.swift; sourceTree = "<group>"; };
		489642B0298658CF0095175F /* map_pinup_custom@3x.png */ = {isa = PBXFileReference; lastKnownFileType = image.png; path = "map_pinup_custom@3x.png"; sourceTree = "<group>"; };
		489642B1298658CF0095175F /* map_pin_custom.png */ = {isa = PBXFileReference; lastKnownFileType = image.png; path = map_pin_custom.png; sourceTree = "<group>"; };
		489642B2298658CF0095175F /* shadow_balloon.png */ = {isa = PBXFileReference; lastKnownFileType = image.png; path = shadow_balloon.png; sourceTree = "<group>"; };
		489642B3298658CF0095175F /* map_pinup.png */ = {isa = PBXFileReference; lastKnownFileType = image.png; path = map_pinup.png; sourceTree = "<group>"; };
		489642B4298658CF0095175F /* detail_button.png */ = {isa = PBXFileReference; lastKnownFileType = image.png; path = detail_button.png; sourceTree = "<group>"; };
		489642B5298658CF0095175F /* map_pin_custom@3x.png */ = {isa = PBXFileReference; lastKnownFileType = image.png; path = "map_pin_custom@3x.png"; sourceTree = "<group>"; };
		489642B6298658CF0095175F /* map_pinup@3x.png */ = {isa = PBXFileReference; lastKnownFileType = image.png; path = "map_pinup@3x.png"; sourceTree = "<group>"; };
		489642B7298658CF0095175F /* map_pin_shadow@3x.png */ = {isa = PBXFileReference; lastKnownFileType = image.png; path = "map_pin_shadow@3x.png"; sourceTree = "<group>"; };
		489642B8298658CF0095175F /* copyright.png */ = {isa = PBXFileReference; lastKnownFileType = image.png; path = copyright.png; sourceTree = "<group>"; };
		489642B9298658CF0095175F /* th_line.png */ = {isa = PBXFileReference; lastKnownFileType = image.png; path = th_line.png; sourceTree = "<group>"; };
		489642BA298658CF0095175F /* map_pin_red@3x.png */ = {isa = PBXFileReference; lastKnownFileType = image.png; path = "map_pin_red@3x.png"; sourceTree = "<group>"; };
		489642BB298658CF0095175F /* daum_copyright.png */ = {isa = PBXFileReference; lastKnownFileType = image.png; path = daum_copyright.png; sourceTree = "<group>"; };
		489642BC298658CF0095175F /* map_pin@3x.png */ = {isa = PBXFileReference; lastKnownFileType = image.png; path = "map_pin@3x.png"; sourceTree = "<group>"; };
		489642BD298658CF0095175F /* map_present_tracking.png */ = {isa = PBXFileReference; lastKnownFileType = image.png; path = map_present_tracking.png; sourceTree = "<group>"; };
		489642BE298658CF0095175F /* map_pin_red.png */ = {isa = PBXFileReference; lastKnownFileType = image.png; path = map_pin_red.png; sourceTree = "<group>"; };
		489642C0298658CF0095175F /* MTMapPOIItem.h */ = {isa = PBXFileReference; fileEncoding = 4; lastKnownFileType = sourcecode.c.h; path = MTMapPOIItem.h; sourceTree = "<group>"; };
		489642C1298658CF0095175F /* MTMapCameraUpdate.h */ = {isa = PBXFileReference; fileEncoding = 4; lastKnownFileType = sourcecode.c.h; path = MTMapCameraUpdate.h; sourceTree = "<group>"; };
		489642C2298658CF0095175F /* MTMapReverseGeoCoder.h */ = {isa = PBXFileReference; fileEncoding = 4; lastKnownFileType = sourcecode.c.h; path = MTMapReverseGeoCoder.h; sourceTree = "<group>"; };
		489642C3298658CF0095175F /* MTMapPolyline.h */ = {isa = PBXFileReference; fileEncoding = 4; lastKnownFileType = sourcecode.c.h; path = MTMapPolyline.h; sourceTree = "<group>"; };
		489642C4298658CF0095175F /* MTMapLocationMarkerItem.h */ = {isa = PBXFileReference; fileEncoding = 4; lastKnownFileType = sourcecode.c.h; path = MTMapLocationMarkerItem.h; sourceTree = "<group>"; };
		489642C5298658CF0095175F /* MTMapView.h */ = {isa = PBXFileReference; fileEncoding = 4; lastKnownFileType = sourcecode.c.h; path = MTMapView.h; sourceTree = "<group>"; };
		489642C6298658CF0095175F /* MTMapGeometry.h */ = {isa = PBXFileReference; fileEncoding = 4; lastKnownFileType = sourcecode.c.h; path = MTMapGeometry.h; sourceTree = "<group>"; };
		489642C7298658CF0095175F /* MTMapCircle.h */ = {isa = PBXFileReference; fileEncoding = 4; lastKnownFileType = sourcecode.c.h; path = MTMapCircle.h; sourceTree = "<group>"; };
		489642C8298658CF0095175F /* info_box.png */ = {isa = PBXFileReference; lastKnownFileType = image.png; path = info_box.png; sourceTree = "<group>"; };
		489642C9298658CF0095175F /* point_sprite.png */ = {isa = PBXFileReference; lastKnownFileType = image.png; path = point_sprite.png; sourceTree = "<group>"; };
		489642CA298658CF0095175F /* map_pinup_custom.png */ = {isa = PBXFileReference; lastKnownFileType = image.png; path = map_pinup_custom.png; sourceTree = "<group>"; };
		489642CB298658CF0095175F /* info_box_tail.png */ = {isa = PBXFileReference; lastKnownFileType = image.png; path = info_box_tail.png; sourceTree = "<group>"; };
		489642CC298658CF0095175F /* noimage256.png */ = {isa = PBXFileReference; lastKnownFileType = image.png; path = noimage256.png; sourceTree = "<group>"; };
		489642CD298658CF0095175F /* map_present_direction.png */ = {isa = PBXFileReference; lastKnownFileType = image.png; path = map_present_direction.png; sourceTree = "<group>"; };
		489642CE298658CF0095175F /* map_pin.png */ = {isa = PBXFileReference; lastKnownFileType = image.png; path = map_pin.png; sourceTree = "<group>"; };
		489642CF298658CF0095175F /* map_present.png */ = {isa = PBXFileReference; lastKnownFileType = image.png; path = map_present.png; sourceTree = "<group>"; };
		489642D0298658CF0095175F /* noimage.png */ = {isa = PBXFileReference; lastKnownFileType = image.png; path = noimage.png; sourceTree = "<group>"; };
		489642D1298658CF0095175F /* map_present_background_update.png */ = {isa = PBXFileReference; lastKnownFileType = image.png; path = map_present_background_update.png; sourceTree = "<group>"; };
		489642D2298658CF0095175F /* daum_th_line.png */ = {isa = PBXFileReference; lastKnownFileType = image.png; path = daum_th_line.png; sourceTree = "<group>"; };
		489642D3298658CF0095175F /* map_pin_shadow.png */ = {isa = PBXFileReference; lastKnownFileType = image.png; path = map_pin_shadow.png; sourceTree = "<group>"; };
		489642D4298658CF0095175F /* DaumMap.framework */ = {isa = PBXFileReference; lastKnownFileType = wrapper.framework; path = DaumMap.framework; sourceTree = "<group>"; };
		489642F1298658FB0095175F /* Metal.framework */ = {isa = PBXFileReference; lastKnownFileType = wrapper.framework; name = Metal.framework; path = System/Library/Frameworks/Metal.framework; sourceTree = SDKROOT; };
		489642F3298659030095175F /* SystemConfiguration.framework */ = {isa = PBXFileReference; lastKnownFileType = wrapper.framework; name = SystemConfiguration.framework; path = System/Library/Frameworks/SystemConfiguration.framework; sourceTree = SDKROOT; };
		489642F52986590A0095175F /* CoreLocation.framework */ = {isa = PBXFileReference; lastKnownFileType = wrapper.framework; name = CoreLocation.framework; path = System/Library/Frameworks/CoreLocation.framework; sourceTree = SDKROOT; };
		489642F7298659110095175F /* QuartzCore.framework */ = {isa = PBXFileReference; lastKnownFileType = wrapper.framework; name = QuartzCore.framework; path = System/Library/Frameworks/QuartzCore.framework; sourceTree = SDKROOT; };
		489642F9298659180095175F /* libc++.tbd */ = {isa = PBXFileReference; lastKnownFileType = "sourcecode.text-based-dylib-definition"; name = "libc++.tbd"; path = "usr/lib/libc++.tbd"; sourceTree = SDKROOT; };
		489642FB298659260095175F /* libxml2.tbd */ = {isa = PBXFileReference; lastKnownFileType = "sourcecode.text-based-dylib-definition"; name = libxml2.tbd; path = usr/lib/libxml2.tbd; sourceTree = SDKROOT; };
		489642FD298659320095175F /* libsqlite3.tbd */ = {isa = PBXFileReference; lastKnownFileType = "sourcecode.text-based-dylib-definition"; name = libsqlite3.tbd; path = usr/lib/libsqlite3.tbd; sourceTree = SDKROOT; };
		489642FF298659780095175F /* HandsUp-Bridging-Header.h */ = {isa = PBXFileReference; lastKnownFileType = sourcecode.c.h; path = "HandsUp-Bridging-Header.h"; sourceTree = "<group>"; };
		8B082A4B2972DBDF0063E6E4 /* Main.storyboard */ = {isa = PBXFileReference; lastKnownFileType = file.storyboard; path = Main.storyboard; sourceTree = "<group>"; };
		8B2109132966DFF20042D14A /* HandsUp.app */ = {isa = PBXFileReference; explicitFileType = wrapper.application; includeInIndex = 0; path = HandsUp.app; sourceTree = BUILT_PRODUCTS_DIR; };
		8B2109162966DFF20042D14A /* AppDelegate.swift */ = {isa = PBXFileReference; lastKnownFileType = sourcecode.swift; path = AppDelegate.swift; sourceTree = "<group>"; };
		8B2109182966DFF20042D14A /* SceneDelegate.swift */ = {isa = PBXFileReference; lastKnownFileType = sourcecode.swift; path = SceneDelegate.swift; sourceTree = "<group>"; };
		8B21091F2966DFF30042D14A /* Assets.xcassets */ = {isa = PBXFileReference; lastKnownFileType = folder.assetcatalog; path = Assets.xcassets; sourceTree = "<group>"; };
		8B2109222966DFF30042D14A /* Base */ = {isa = PBXFileReference; lastKnownFileType = file.storyboard; name = Base; path = Base.lproj/LaunchScreen.storyboard; sourceTree = "<group>"; };
		8B2109242966DFF30042D14A /* Info.plist */ = {isa = PBXFileReference; lastKnownFileType = text.plist.xml; path = Info.plist; sourceTree = "<group>"; };
		8B4589732970B0FE0044227F /* FirstResponder.swift */ = {isa = PBXFileReference; lastKnownFileType = sourcecode.swift; path = FirstResponder.swift; sourceTree = "<group>"; };
		8B45E0D1297A3CC50057D156 /* EnableButtonScroll.swift */ = {isa = PBXFileReference; lastKnownFileType = sourcecode.swift; path = EnableButtonScroll.swift; sourceTree = "<group>"; };
		8B4BF0C62968C11F00B00890 /* FindPW_ViewController.swift */ = {isa = PBXFileReference; lastKnownFileType = sourcecode.swift; path = FindPW_ViewController.swift; sourceTree = "<group>"; };
		8B4BF0CA2968DAD100B00890 /* Roboto-Regular.ttf */ = {isa = PBXFileReference; lastKnownFileType = file; path = "Roboto-Regular.ttf"; sourceTree = "<group>"; };
		8B4BF0CB2968DAD100B00890 /* Roboto-Thin.ttf */ = {isa = PBXFileReference; lastKnownFileType = file; path = "Roboto-Thin.ttf"; sourceTree = "<group>"; };
		8B4BF0CE2968DAD200B00890 /* Roboto-Medium.ttf */ = {isa = PBXFileReference; lastKnownFileType = file; path = "Roboto-Medium.ttf"; sourceTree = "<group>"; };
		8B4BF0D32968DAD200B00890 /* Roboto-Light.ttf */ = {isa = PBXFileReference; lastKnownFileType = file; path = "Roboto-Light.ttf"; sourceTree = "<group>"; };
		8B4BF0D42968DAD200B00890 /* Roboto-Bold.ttf */ = {isa = PBXFileReference; lastKnownFileType = file; path = "Roboto-Bold.ttf"; sourceTree = "<group>"; };
		8B648082296E9191008D28CF /* SignupData.swift */ = {isa = PBXFileReference; lastKnownFileType = sourcecode.swift; path = SignupData.swift; sourceTree = "<group>"; };
		8B648084296ECD5D008D28CF /* Character_UIView.swift */ = {isa = PBXFileReference; lastKnownFileType = sourcecode.swift; path = Character_UIView.swift; sourceTree = "<group>"; };
		8B648088296F3FF2008D28CF /* CharacterEdit_ViewController.swift */ = {isa = PBXFileReference; lastKnownFileType = sourcecode.swift; path = CharacterEdit_ViewController.swift; sourceTree = "<group>"; };
		8B6A60B0296FE40300E55A5D /* Sign_up_ViewController.swift */ = {isa = PBXFileReference; lastKnownFileType = sourcecode.swift; path = Sign_up_ViewController.swift; sourceTree = "<group>"; };
		8B7E877B296AE67A008F6BF5 /* KeyboardDisappear_UIViewController.swift */ = {isa = PBXFileReference; lastKnownFileType = sourcecode.swift; path = KeyboardDisappear_UIViewController.swift; sourceTree = "<group>"; };
		8BA3980B29862F2600A532D4 /* ServerAPI.swift */ = {isa = PBXFileReference; lastKnownFileType = sourcecode.swift; path = ServerAPI.swift; sourceTree = "<group>"; };
		8BA606492968805000F89636 /* RoundedShadow_UIButton.swift */ = {isa = PBXFileReference; lastKnownFileType = sourcecode.swift; path = RoundedShadow_UIButton.swift; sourceTree = "<group>"; };
		8BA6064B2968861400F89636 /* Login_ViewController.swift */ = {isa = PBXFileReference; lastKnownFileType = sourcecode.swift; path = Login_ViewController.swift; sourceTree = "<group>"; };
		8BA6064E29688D7800F89636 /* RoundedShadow_UIView.swift */ = {isa = PBXFileReference; lastKnownFileType = sourcecode.swift; path = RoundedShadow_UIView.swift; sourceTree = "<group>"; };
		8BB1EB5E296866D000820C07 /* Login.storyboard */ = {isa = PBXFileReference; lastKnownFileType = file.storyboard; path = Login.storyboard; sourceTree = "<group>"; };
		8BD2AF96296A5E0A007FD6BD /* Sign_up.storyboard */ = {isa = PBXFileReference; lastKnownFileType = file.storyboard; path = Sign_up.storyboard; sourceTree = "<group>"; };
		8BE974D6297959E8008DD78D /* ViewController.swift */ = {isa = PBXFileReference; fileEncoding = 4; lastKnownFileType = sourcecode.swift; path = ViewController.swift; sourceTree = "<group>"; };
/* End PBXFileReference section */

/* Begin PBXFrameworksBuildPhase section */
		8B2109102966DFF20042D14A /* Frameworks */ = {
			isa = PBXFrameworksBuildPhase;
			buildActionMask = 2147483647;
			files = (
				489642F8298659110095175F /* QuartzCore.framework in Frameworks */,
				48C318942975B26000037D89 /* SnapKit in Frameworks */,
				8B21092C2966E1430042D14A /* Alamofire in Frameworks */,
				489642F2298658FB0095175F /* Metal.framework in Frameworks */,
				489642F0298658CF0095175F /* DaumMap.framework in Frameworks */,
				489642FC2986592B0095175F /* libxml2.tbd in Frameworks */,
				489642F62986590A0095175F /* CoreLocation.framework in Frameworks */,
				489642FA2986591D0095175F /* libc++.tbd in Frameworks */,
				489642F4298659030095175F /* SystemConfiguration.framework in Frameworks */,
				489642FE298659380095175F /* libsqlite3.tbd in Frameworks */,
				48398AED2972DB34006FD205 /* Tabman in Frameworks */,
			);
			runOnlyForDeploymentPostprocessing = 0;
		};
/* End PBXFrameworksBuildPhase section */

/* Begin PBXGroup section */
		32AB01712969A3D5007D550A /* New Group1 */ = {
			isa = PBXGroup;
			children = (
				32A3F1762974646C00B0347D /* AlarmNChatListViewController.swift */,
				32A3F17A2974818400B0347D /* ChatListViewController.swift */,
				32A3F17C297515C600B0347D /* AlarmListViewController.swift */,
				3229E7622977CA54006FC6CB /* ChatViewController.swift */,
				32A3F17E2976DFB000B0347D /* ChatAlarmTableViewCell.swift */,
				329296772978FDC00077F98E /* RegisterPostViewController.swift */,
				32D6577829824271007609A2 /* PostThroughChatViewController.swift */,
				321B1E32298589FF00E2CFEE /* CustomVisualEffectView.swift */,
			);
			path = "New Group1";
			sourceTree = "<group>";
		};
		4819DCD92982480300549538 /* MapGroup */ = {
			isa = PBXGroup;
			children = (
				48398AF229753FB7006FD205 /* TabManViewController.swift */,
				48398AF429754011006FD205 /* FirstTabViewController.swift */,
				48398AF629754025006FD205 /* SecondTabViewController.swift */,
				48398AF829754035006FD205 /* ThirdTabViewController.swift */,
				48398AFA29754068006FD205 /* FourthTabViewController.swift */,
				48398AFC29754071006FD205 /* FifthTabViewController.swift */,
				48398AFE29754098006FD205 /* SixthTabViewController.swift */,
			);
			path = MapGroup;
			sourceTree = "<group>";
		};
		4819DCDA2982481C00549538 /* ListGroup */ = {
			isa = PBXGroup;
			children = (
				486CFF4829756BD0003761E7 /* TabManListVC.swift */,
				486CFF4A29756C25003761E7 /* ListFirstTabVC.swift */,
				486CFF4C29756C3A003761E7 /* ListSecondTabVC.swift */,
				486CFF4E29756C49003761E7 /* ListThirdTabVC.swift */,
				486CFF5029756C55003761E7 /* ListFourthTabVC.swift */,
				486CFF5229756C60003761E7 /* ListFifthTabVC.swift */,
				486CFF5429756C6E003761E7 /* ListSixthTabVC.swift */,
				4819DCD72980CA1100549538 /* FirtstListTableViewCell.swift */,
			);
			path = ListGroup;
			sourceTree = "<group>";
		};
		4819DD1E298252E400549538 /* Frameworks */ = {
			isa = PBXGroup;
			children = (
				489642FD298659320095175F /* libsqlite3.tbd */,
				489642FB298659260095175F /* libxml2.tbd */,
				489642F9298659180095175F /* libc++.tbd */,
				489642F7298659110095175F /* QuartzCore.framework */,
				489642F52986590A0095175F /* CoreLocation.framework */,
				489642F3298659030095175F /* SystemConfiguration.framework */,
				489642F1298658FB0095175F /* Metal.framework */,
				489642AE298658CF0095175F /* DaumMap.embeddedframework */,
			);
			name = Frameworks;
			sourceTree = "<group>";
		};
		489642AE298658CF0095175F /* DaumMap.embeddedframework */ = {
			isa = PBXGroup;
			children = (
				489642AF298658CF0095175F /* Resources */,
				489642D4298658CF0095175F /* DaumMap.framework */,
			);
			path = DaumMap.embeddedframework;
			sourceTree = "<group>";
		};
		489642AF298658CF0095175F /* Resources */ = {
			isa = PBXGroup;
			children = (
				489642B0298658CF0095175F /* map_pinup_custom@3x.png */,
				489642B1298658CF0095175F /* map_pin_custom.png */,
				489642B2298658CF0095175F /* shadow_balloon.png */,
				489642B3298658CF0095175F /* map_pinup.png */,
				489642B4298658CF0095175F /* detail_button.png */,
				489642B5298658CF0095175F /* map_pin_custom@3x.png */,
				489642B6298658CF0095175F /* map_pinup@3x.png */,
				489642B7298658CF0095175F /* map_pin_shadow@3x.png */,
				489642B8298658CF0095175F /* copyright.png */,
				489642B9298658CF0095175F /* th_line.png */,
				489642BA298658CF0095175F /* map_pin_red@3x.png */,
				489642BB298658CF0095175F /* daum_copyright.png */,
				489642BC298658CF0095175F /* map_pin@3x.png */,
				489642BD298658CF0095175F /* map_present_tracking.png */,
				489642BE298658CF0095175F /* map_pin_red.png */,
				489642BF298658CF0095175F /* Headers */,
				489642C8298658CF0095175F /* info_box.png */,
				489642C9298658CF0095175F /* point_sprite.png */,
				489642CA298658CF0095175F /* map_pinup_custom.png */,
				489642CB298658CF0095175F /* info_box_tail.png */,
				489642CC298658CF0095175F /* noimage256.png */,
				489642CD298658CF0095175F /* map_present_direction.png */,
				489642CE298658CF0095175F /* map_pin.png */,
				489642CF298658CF0095175F /* map_present.png */,
				489642D0298658CF0095175F /* noimage.png */,
				489642D1298658CF0095175F /* map_present_background_update.png */,
				489642D2298658CF0095175F /* daum_th_line.png */,
				489642D3298658CF0095175F /* map_pin_shadow.png */,
			);
			path = Resources;
			sourceTree = "<group>";
		};
		489642BF298658CF0095175F /* Headers */ = {
			isa = PBXGroup;
			children = (
				489642C0298658CF0095175F /* MTMapPOIItem.h */,
				489642C1298658CF0095175F /* MTMapCameraUpdate.h */,
				489642C2298658CF0095175F /* MTMapReverseGeoCoder.h */,
				489642C3298658CF0095175F /* MTMapPolyline.h */,
				489642C4298658CF0095175F /* MTMapLocationMarkerItem.h */,
				489642C5298658CF0095175F /* MTMapView.h */,
				489642C6298658CF0095175F /* MTMapGeometry.h */,
				489642C7298658CF0095175F /* MTMapCircle.h */,
			);
			path = Headers;
			sourceTree = "<group>";
		};
		8B21090A2966DFF20042D14A = {
			isa = PBXGroup;
			children = (
				489642FF298659780095175F /* HandsUp-Bridging-Header.h */,
				8B2109152966DFF20042D14A /* HandsUp */,
				8B2109142966DFF20042D14A /* Products */,
				4819DD1E298252E400549538 /* Frameworks */,
			);
			sourceTree = "<group>";
		};
		8B2109142966DFF20042D14A /* Products */ = {
			isa = PBXGroup;
			children = (
				8B2109132966DFF20042D14A /* HandsUp.app */,
			);
			name = Products;
			sourceTree = "<group>";
		};
		8B2109152966DFF20042D14A /* HandsUp */ = {
			isa = PBXGroup;
			children = (
				8B6DB3272968223B007D6D25 /* Sources */,
				8B6DB32629682211007D6D25 /* Resource */,
				8B2109242966DFF30042D14A /* Info.plist */,
			);
			path = HandsUp;
			sourceTree = "<group>";
		};
		8B4BF0C82968DA6000B00890 /* Fonts */ = {
			isa = PBXGroup;
			children = (
				8B4BF0D42968DAD200B00890 /* Roboto-Bold.ttf */,
				8B4BF0D32968DAD200B00890 /* Roboto-Light.ttf */,
				8B4BF0CE2968DAD200B00890 /* Roboto-Medium.ttf */,
				8B4BF0CA2968DAD100B00890 /* Roboto-Regular.ttf */,
				8B4BF0CB2968DAD100B00890 /* Roboto-Thin.ttf */,
			);
			path = Fonts;
			sourceTree = "<group>";
		};
		8B648081296E9179008D28CF /* Classes */ = {
			isa = PBXGroup;
			children = (
				8B648082296E9191008D28CF /* SignupData.swift */,
				8B4589732970B0FE0044227F /* FirstResponder.swift */,
				8B45E0D1297A3CC50057D156 /* EnableButtonScroll.swift */,
				8BA3980B29862F2600A532D4 /* ServerAPI.swift */,
			);
			path = Classes;
			sourceTree = "<group>";
		};
		8B6DB32629682211007D6D25 /* Resource */ = {
			isa = PBXGroup;
			children = (
				328C296C29781DF1007DCDD9 /* MyChatTableViewCell.swift */,
				328C297129781E26007DCDD9 /* YourChatTableViewCell.xib */,
				328C296D29781DF1007DCDD9 /* MyChatTableViewCell.xib */,
				328C297029781E26007DCDD9 /* YourChatTableViewCell.swift */,
				32A3F17829747B4500B0347D /* AlarmTableViewCell.swift */,
				32AB018229730B2F007D550A /* CustomSwitch.swift */,
				4819DD3129828C1300549538 /* CustromSwitchHome.swift */,
				32AB018429730C4C007D550A /* CustomThumbView.swift */,
				8B2109182966DFF20042D14A /* SceneDelegate.swift */,
				8B2109162966DFF20042D14A /* AppDelegate.swift */,
				8B4BF0C82968DA6000B00890 /* Fonts */,
				8B6DB32929682586007D6D25 /* Storyboard */,
				8B21091F2966DFF30042D14A /* Assets.xcassets */,
			);
			path = Resource;
			sourceTree = "<group>";
		};
		8B6DB3272968223B007D6D25 /* Sources */ = {
			isa = PBXGroup;
			children = (
				8B648081296E9179008D28CF /* Classes */,
				8BB1EB622968766E00820C07 /* Designs */,
				8B6DB32A296825B2007D6D25 /* VCS */,
			);
			path = Sources;
			sourceTree = "<group>";
		};
		8B6DB32929682586007D6D25 /* Storyboard */ = {
			isa = PBXGroup;
			children = (
				8B2109212966DFF30042D14A /* LaunchScreen.storyboard */,
				32AB016C2969A0C5007D550A /* HandsUp.storyboard */,
				8BB1EB5E296866D000820C07 /* Login.storyboard */,
				8BD2AF96296A5E0A007FD6BD /* Sign_up.storyboard */,
				8B082A4B2972DBDF0063E6E4 /* Main.storyboard */,
			);
			path = Storyboard;
			sourceTree = "<group>";
		};
		8B6DB32A296825B2007D6D25 /* VCS */ = {
			isa = PBXGroup;
			children = (
				4819DCDA2982481C00549538 /* ListGroup */,
				4819DCD92982480300549538 /* MapGroup */,
				8BE974D6297959E8008DD78D /* ViewController.swift */,
				487D5FDC296AA8EF00BE2CCC /* FAQ.swift */,
				4824DC92297007C9004F0177 /* ToS.swift */,
				480B01E4297149D1007054B1 /* EditProfile.swift */,
				480B01E629715A3C007054B1 /* EditProfileName.swift */,
				4842441B2971924700D9C803 /* AccountManagement.swift */,
				48398AE5297288F9006FD205 /* Report.swift */,
				48398AE729728FA0006FD205 /* MyPost.swift */,
				48398AE9297295C5006FD205 /* MyPostTableViewCell.swift */,
				32AB01712969A3D5007D550A /* New Group1 */,
				8BA6064D2968864900F89636 /* Login */,
				8BD2AF98296A5E1F007FD6BD /* Sign_up */,
			);
			path = VCS;
			sourceTree = "<group>";
		};
		8BA6064D2968864900F89636 /* Login */ = {
			isa = PBXGroup;
			children = (
				8BA6064B2968861400F89636 /* Login_ViewController.swift */,
				8B4BF0C62968C11F00B00890 /* FindPW_ViewController.swift */,
			);
			path = Login;
			sourceTree = "<group>";
		};
		8BB1EB622968766E00820C07 /* Designs */ = {
			isa = PBXGroup;
			children = (
				8BA606492968805000F89636 /* RoundedShadow_UIButton.swift */,
				8BA6064E29688D7800F89636 /* RoundedShadow_UIView.swift */,
				8B7E877B296AE67A008F6BF5 /* KeyboardDisappear_UIViewController.swift */,
				8B648084296ECD5D008D28CF /* Character_UIView.swift */,
			);
			path = Designs;
			sourceTree = "<group>";
		};
		8BD2AF98296A5E1F007FD6BD /* Sign_up */ = {
			isa = PBXGroup;
			children = (
				8B648088296F3FF2008D28CF /* CharacterEdit_ViewController.swift */,
				8B6A60B0296FE40300E55A5D /* Sign_up_ViewController.swift */,
			);
			path = Sign_up;
			sourceTree = "<group>";
		};
/* End PBXGroup section */

/* Begin PBXNativeTarget section */
		8B2109122966DFF20042D14A /* HandsUp */ = {
			isa = PBXNativeTarget;
			buildConfigurationList = 8B2109272966DFF30042D14A /* Build configuration list for PBXNativeTarget "HandsUp" */;
			buildPhases = (
				8B21090F2966DFF20042D14A /* Sources */,
				8B2109102966DFF20042D14A /* Frameworks */,
				8B2109112966DFF20042D14A /* Resources */,
			);
			buildRules = (
			);
			dependencies = (
			);
			name = HandsUp;
			packageProductDependencies = (
				8B21092B2966E1430042D14A /* Alamofire */,
				48398AEC2972DB34006FD205 /* Tabman */,
				48C318932975B26000037D89 /* SnapKit */,
			);
			productName = HandsUp;
			productReference = 8B2109132966DFF20042D14A /* HandsUp.app */;
			productType = "com.apple.product-type.application";
		};
/* End PBXNativeTarget section */

/* Begin PBXProject section */
		8B21090B2966DFF20042D14A /* Project object */ = {
			isa = PBXProject;
			attributes = {
				BuildIndependentTargetsInParallel = 1;
				LastSwiftUpdateCheck = 1420;
				LastUpgradeCheck = 1420;
				TargetAttributes = {
					8B2109122966DFF20042D14A = {
						CreatedOnToolsVersion = 14.2;
					};
				};
			};
			buildConfigurationList = 8B21090E2966DFF20042D14A /* Build configuration list for PBXProject "HandsUp" */;
			compatibilityVersion = "Xcode 14.0";
			developmentRegion = en;
			hasScannedForEncodings = 0;
			knownRegions = (
				en,
				Base,
			);
			mainGroup = 8B21090A2966DFF20042D14A;
			packageReferences = (
				8B21092A2966E1430042D14A /* XCRemoteSwiftPackageReference "Alamofire" */,
				48398AEB2972DB34006FD205 /* XCRemoteSwiftPackageReference "Tabman" */,
				48C318922975B26000037D89 /* XCRemoteSwiftPackageReference "SnapKit" */,
			);
			productRefGroup = 8B2109142966DFF20042D14A /* Products */;
			projectDirPath = "";
			projectRoot = "";
			targets = (
				8B2109122966DFF20042D14A /* HandsUp */,
			);
		};
/* End PBXProject section */

/* Begin PBXResourcesBuildPhase section */
		8B2109112966DFF20042D14A /* Resources */ = {
			isa = PBXResourcesBuildPhase;
			buildActionMask = 2147483647;
			files = (
				8BD2AF97296A5E0A007FD6BD /* Sign_up.storyboard in Resources */,
				8BB1EB5F296866D000820C07 /* Login.storyboard in Resources */,
				489642D7298658CF0095175F /* shadow_balloon.png in Resources */,
				8B2109232966DFF30042D14A /* LaunchScreen.storyboard in Resources */,
				489642DD298658CF0095175F /* copyright.png in Resources */,
				489642D6298658CF0095175F /* map_pin_custom.png in Resources */,
				489642E3298658CF0095175F /* map_pin_red.png in Resources */,
				489642E5298658CF0095175F /* point_sprite.png in Resources */,
				328C297329781E26007DCDD9 /* YourChatTableViewCell.xib in Resources */,
				489642DB298658CF0095175F /* map_pinup@3x.png in Resources */,
				489642E6298658CF0095175F /* map_pinup_custom.png in Resources */,
				489642DF298658CF0095175F /* map_pin_red@3x.png in Resources */,
				489642E8298658CF0095175F /* noimage256.png in Resources */,
				489642D5298658CF0095175F /* map_pinup_custom@3x.png in Resources */,
				8B2109202966DFF30042D14A /* Assets.xcassets in Resources */,
				489642E9298658CF0095175F /* map_present_direction.png in Resources */,
				489642EB298658CF0095175F /* map_present.png in Resources */,
				8B4BF0E02968DAD200B00890 /* Roboto-Bold.ttf in Resources */,
				328C296F29781DF1007DCDD9 /* MyChatTableViewCell.xib in Resources */,
				8B5EEBD22979620600D877E8 /* Main.storyboard in Resources */,
				489642E1298658CF0095175F /* map_pin@3x.png in Resources */,
				489642DC298658CF0095175F /* map_pin_shadow@3x.png in Resources */,
				8B4BF0D72968DAD200B00890 /* Roboto-Thin.ttf in Resources */,
				489642ED298658CF0095175F /* map_present_background_update.png in Resources */,
				8B4BF0DF2968DAD200B00890 /* Roboto-Light.ttf in Resources */,
				8B4BF0D62968DAD200B00890 /* Roboto-Regular.ttf in Resources */,
				489642E0298658CF0095175F /* daum_copyright.png in Resources */,
				489642E4298658CF0095175F /* info_box.png in Resources */,
				489642EE298658CF0095175F /* daum_th_line.png in Resources */,
				489642EA298658CF0095175F /* map_pin.png in Resources */,
				489642EC298658CF0095175F /* noimage.png in Resources */,
				489642EF298658CF0095175F /* map_pin_shadow.png in Resources */,
				489642E7298658CF0095175F /* info_box_tail.png in Resources */,
				489642DE298658CF0095175F /* th_line.png in Resources */,
				8B21091E2966DFF20042D14A /* (null) in Resources */,
				32AB016D2969A0C5007D550A /* HandsUp.storyboard in Resources */,
				489642D9298658CF0095175F /* detail_button.png in Resources */,
				489642DA298658CF0095175F /* map_pin_custom@3x.png in Resources */,
				8B4BF0DA2968DAD200B00890 /* Roboto-Medium.ttf in Resources */,
				489642D8298658CF0095175F /* map_pinup.png in Resources */,
				489642E2298658CF0095175F /* map_present_tracking.png in Resources */,
			);
			runOnlyForDeploymentPostprocessing = 0;
		};
/* End PBXResourcesBuildPhase section */

/* Begin PBXSourcesBuildPhase section */
		8B21090F2966DFF20042D14A /* Sources */ = {
			isa = PBXSourcesBuildPhase;
			buildActionMask = 2147483647;
			files = (
				486CFF5529756C6E003761E7 /* ListSixthTabVC.swift in Sources */,
				486CFF4F29756C49003761E7 /* ListThirdTabVC.swift in Sources */,
				480B01E729715A3C007054B1 /* EditProfileName.swift in Sources */,
				487D5FDD296AA8EF00BE2CCC /* FAQ.swift in Sources */,
				48398AE829728FA0006FD205 /* MyPost.swift in Sources */,
				486CFF4B29756C25003761E7 /* ListFirstTabVC.swift in Sources */,
				4824DC93297007C9004F0177 /* ToS.swift in Sources */,
				4842441C2971924700D9C803 /* AccountManagement.swift in Sources */,
				486CFF4929756BD0003761E7 /* TabManListVC.swift in Sources */,
				48398AFB29754068006FD205 /* FourthTabViewController.swift in Sources */,
				48398AE6297288F9006FD205 /* Report.swift in Sources */,
				48398AF929754035006FD205 /* ThirdTabViewController.swift in Sources */,
				486CFF5329756C60003761E7 /* ListFifthTabVC.swift in Sources */,
				321B1E33298589FF00E2CFEE /* CustomVisualEffectView.swift in Sources */,
				32AB018529730C4C007D550A /* CustomThumbView.swift in Sources */,
				328C297229781E26007DCDD9 /* YourChatTableViewCell.swift in Sources */,
				3229E7632977CA54006FC6CB /* ChatViewController.swift in Sources */,
				32A3F17D297515C600B0347D /* AlarmListViewController.swift in Sources */,
				8BE974D7297959E8008DD78D /* ViewController.swift in Sources */,
				329296782978FDC00077F98E /* RegisterPostViewController.swift in Sources */,
				32AB018329730B2F007D550A /* CustomSwitch.swift in Sources */,
				32A3F17B2974818400B0347D /* ChatListViewController.swift in Sources */,
				8B2109172966DFF20042D14A /* AppDelegate.swift in Sources */,
				48398AF529754011006FD205 /* FirstTabViewController.swift in Sources */,
				48398AFD29754071006FD205 /* FifthTabViewController.swift in Sources */,
				48398AEA297295C5006FD205 /* MyPostTableViewCell.swift in Sources */,
				32D6577929824271007609A2 /* PostThroughChatViewController.swift in Sources */,
				486CFF4D29756C3A003761E7 /* ListSecondTabVC.swift in Sources */,
				48398AF729754025006FD205 /* SecondTabViewController.swift in Sources */,
				8B2109192966DFF20042D14A /* SceneDelegate.swift in Sources */,
				48398AFF29754098006FD205 /* SixthTabViewController.swift in Sources */,
				480B01E5297149D1007054B1 /* EditProfile.swift in Sources */,
				486CFF5129756C55003761E7 /* ListFourthTabVC.swift in Sources */,
				48398AF329753FB7006FD205 /* TabManViewController.swift in Sources */,
				32A3F1772974646C00B0347D /* AlarmNChatListViewController.swift in Sources */,
				32A3F17929747B4500B0347D /* AlarmTableViewCell.swift in Sources */,
				32A3F17F2976DFB000B0347D /* ChatAlarmTableViewCell.swift in Sources */,
				328C296E29781DF1007DCDD9 /* MyChatTableViewCell.swift in Sources */,
				8BA6064F29688D7800F89636 /* RoundedShadow_UIView.swift in Sources */,
				8B6A60B1296FE40300E55A5D /* Sign_up_ViewController.swift in Sources */,
				8B648089296F3FF2008D28CF /* CharacterEdit_ViewController.swift in Sources */,
				8B45E0D2297A3CC50057D156 /* EnableButtonScroll.swift in Sources */,
				8B648085296ECD5D008D28CF /* Character_UIView.swift in Sources */,
				8BA6064C2968861400F89636 /* Login_ViewController.swift in Sources */,
				8B4BF0C72968C11F00B00890 /* FindPW_ViewController.swift in Sources */,
				8B7E877C296AE67A008F6BF5 /* KeyboardDisappear_UIViewController.swift in Sources */,
				4819DD3229828C1300549538 /* CustromSwitchHome.swift in Sources */,
				8BA6064A2968805000F89636 /* RoundedShadow_UIButton.swift in Sources */,
				8BA3980C29862F2600A532D4 /* ServerAPI.swift in Sources */,
				8B648083296E9191008D28CF /* SignupData.swift in Sources */,
				8B2109172966DFF20042D14A /* AppDelegate.swift in Sources */,
				8B4589742970B0FE0044227F /* FirstResponder.swift in Sources */,
				8B2109192966DFF20042D14A /* SceneDelegate.swift in Sources */,
				4819DCD82980CA1100549538 /* FirtstListTableViewCell.swift in Sources */,
			);
			runOnlyForDeploymentPostprocessing = 0;
		};
/* End PBXSourcesBuildPhase section */

/* Begin PBXVariantGroup section */
		8B2109212966DFF30042D14A /* LaunchScreen.storyboard */ = {
			isa = PBXVariantGroup;
			children = (
				8B2109222966DFF30042D14A /* Base */,
			);
			name = LaunchScreen.storyboard;
			sourceTree = "<group>";
		};
/* End PBXVariantGroup section */

/* Begin XCBuildConfiguration section */
		8B2109252966DFF30042D14A /* Debug */ = {
			isa = XCBuildConfiguration;
			buildSettings = {
				ALWAYS_SEARCH_USER_PATHS = NO;
				CLANG_ANALYZER_NONNULL = YES;
				CLANG_ANALYZER_NUMBER_OBJECT_CONVERSION = YES_AGGRESSIVE;
				CLANG_CXX_LANGUAGE_STANDARD = "gnu++20";
				CLANG_ENABLE_MODULES = YES;
				CLANG_ENABLE_OBJC_ARC = YES;
				CLANG_ENABLE_OBJC_WEAK = YES;
				CLANG_WARN_BLOCK_CAPTURE_AUTORELEASING = YES;
				CLANG_WARN_BOOL_CONVERSION = YES;
				CLANG_WARN_COMMA = YES;
				CLANG_WARN_CONSTANT_CONVERSION = YES;
				CLANG_WARN_DEPRECATED_OBJC_IMPLEMENTATIONS = YES;
				CLANG_WARN_DIRECT_OBJC_ISA_USAGE = YES_ERROR;
				CLANG_WARN_DOCUMENTATION_COMMENTS = YES;
				CLANG_WARN_EMPTY_BODY = YES;
				CLANG_WARN_ENUM_CONVERSION = YES;
				CLANG_WARN_INFINITE_RECURSION = YES;
				CLANG_WARN_INT_CONVERSION = YES;
				CLANG_WARN_NON_LITERAL_NULL_CONVERSION = YES;
				CLANG_WARN_OBJC_IMPLICIT_RETAIN_SELF = YES;
				CLANG_WARN_OBJC_LITERAL_CONVERSION = YES;
				CLANG_WARN_OBJC_ROOT_CLASS = YES_ERROR;
				CLANG_WARN_QUOTED_INCLUDE_IN_FRAMEWORK_HEADER = YES;
				CLANG_WARN_RANGE_LOOP_ANALYSIS = YES;
				CLANG_WARN_STRICT_PROTOTYPES = YES;
				CLANG_WARN_SUSPICIOUS_MOVE = YES;
				CLANG_WARN_UNGUARDED_AVAILABILITY = YES_AGGRESSIVE;
				CLANG_WARN_UNREACHABLE_CODE = YES;
				CLANG_WARN__DUPLICATE_METHOD_MATCH = YES;
				COPY_PHASE_STRIP = NO;
				DEBUG_INFORMATION_FORMAT = dwarf;
				ENABLE_STRICT_OBJC_MSGSEND = YES;
				ENABLE_TESTABILITY = YES;
				GCC_C_LANGUAGE_STANDARD = gnu11;
				GCC_DYNAMIC_NO_PIC = NO;
				GCC_NO_COMMON_BLOCKS = YES;
				GCC_OPTIMIZATION_LEVEL = 0;
				GCC_PREPROCESSOR_DEFINITIONS = (
					"DEBUG=1",
					"$(inherited)",
				);
				GCC_WARN_64_TO_32_BIT_CONVERSION = YES;
				GCC_WARN_ABOUT_RETURN_TYPE = YES_ERROR;
				GCC_WARN_UNDECLARED_SELECTOR = YES;
				GCC_WARN_UNINITIALIZED_AUTOS = YES_AGGRESSIVE;
				GCC_WARN_UNUSED_FUNCTION = YES;
				GCC_WARN_UNUSED_VARIABLE = YES;
				IPHONEOS_DEPLOYMENT_TARGET = 16.2;
				MTL_ENABLE_DEBUG_INFO = INCLUDE_SOURCE;
				MTL_FAST_MATH = YES;
				ONLY_ACTIVE_ARCH = YES;
				SDKROOT = iphoneos;
				SWIFT_ACTIVE_COMPILATION_CONDITIONS = DEBUG;
				SWIFT_OPTIMIZATION_LEVEL = "-Onone";
			};
			name = Debug;
		};
		8B2109262966DFF30042D14A /* Release */ = {
			isa = XCBuildConfiguration;
			buildSettings = {
				ALWAYS_SEARCH_USER_PATHS = NO;
				CLANG_ANALYZER_NONNULL = YES;
				CLANG_ANALYZER_NUMBER_OBJECT_CONVERSION = YES_AGGRESSIVE;
				CLANG_CXX_LANGUAGE_STANDARD = "gnu++20";
				CLANG_ENABLE_MODULES = YES;
				CLANG_ENABLE_OBJC_ARC = YES;
				CLANG_ENABLE_OBJC_WEAK = YES;
				CLANG_WARN_BLOCK_CAPTURE_AUTORELEASING = YES;
				CLANG_WARN_BOOL_CONVERSION = YES;
				CLANG_WARN_COMMA = YES;
				CLANG_WARN_CONSTANT_CONVERSION = YES;
				CLANG_WARN_DEPRECATED_OBJC_IMPLEMENTATIONS = YES;
				CLANG_WARN_DIRECT_OBJC_ISA_USAGE = YES_ERROR;
				CLANG_WARN_DOCUMENTATION_COMMENTS = YES;
				CLANG_WARN_EMPTY_BODY = YES;
				CLANG_WARN_ENUM_CONVERSION = YES;
				CLANG_WARN_INFINITE_RECURSION = YES;
				CLANG_WARN_INT_CONVERSION = YES;
				CLANG_WARN_NON_LITERAL_NULL_CONVERSION = YES;
				CLANG_WARN_OBJC_IMPLICIT_RETAIN_SELF = YES;
				CLANG_WARN_OBJC_LITERAL_CONVERSION = YES;
				CLANG_WARN_OBJC_ROOT_CLASS = YES_ERROR;
				CLANG_WARN_QUOTED_INCLUDE_IN_FRAMEWORK_HEADER = YES;
				CLANG_WARN_RANGE_LOOP_ANALYSIS = YES;
				CLANG_WARN_STRICT_PROTOTYPES = YES;
				CLANG_WARN_SUSPICIOUS_MOVE = YES;
				CLANG_WARN_UNGUARDED_AVAILABILITY = YES_AGGRESSIVE;
				CLANG_WARN_UNREACHABLE_CODE = YES;
				CLANG_WARN__DUPLICATE_METHOD_MATCH = YES;
				COPY_PHASE_STRIP = NO;
				DEBUG_INFORMATION_FORMAT = "dwarf-with-dsym";
				ENABLE_NS_ASSERTIONS = NO;
				ENABLE_STRICT_OBJC_MSGSEND = YES;
				GCC_C_LANGUAGE_STANDARD = gnu11;
				GCC_NO_COMMON_BLOCKS = YES;
				GCC_WARN_64_TO_32_BIT_CONVERSION = YES;
				GCC_WARN_ABOUT_RETURN_TYPE = YES_ERROR;
				GCC_WARN_UNDECLARED_SELECTOR = YES;
				GCC_WARN_UNINITIALIZED_AUTOS = YES_AGGRESSIVE;
				GCC_WARN_UNUSED_FUNCTION = YES;
				GCC_WARN_UNUSED_VARIABLE = YES;
				IPHONEOS_DEPLOYMENT_TARGET = 16.2;
				MTL_ENABLE_DEBUG_INFO = NO;
				MTL_FAST_MATH = YES;
				SDKROOT = iphoneos;
				SWIFT_COMPILATION_MODE = wholemodule;
				SWIFT_OPTIMIZATION_LEVEL = "-O";
				VALIDATE_PRODUCT = YES;
			};
			name = Release;
		};
		8B2109282966DFF30042D14A /* Debug */ = {
			isa = XCBuildConfiguration;
			buildSettings = {
				ASSETCATALOG_COMPILER_APPICON_NAME = AppIcon;
				ASSETCATALOG_COMPILER_GLOBAL_ACCENT_COLOR_NAME = AccentColor;
				CLANG_ENABLE_OBJC_ARC = NO;
				CODE_SIGN_STYLE = Automatic;
				CURRENT_PROJECT_VERSION = 1;
				DEVELOPMENT_TEAM = FQ4G9SX78Z;
				FRAMEWORK_SEARCH_PATHS = (
					"$(inherited)",
					"$(PROJECT_DIR)/DaumMap.embeddedframework",
				);
				GENERATE_INFOPLIST_FILE = YES;
				INFOPLIST_FILE = HandsUp/Info.plist;
				INFOPLIST_KEY_UIApplicationSupportsIndirectInputEvents = YES;
				INFOPLIST_KEY_UILaunchStoryboardName = LaunchScreen;
				INFOPLIST_KEY_UIMainStoryboardFile = Main;
				INFOPLIST_KEY_UIStatusBarStyle = UIStatusBarStyleLightContent;
				INFOPLIST_KEY_UISupportedInterfaceOrientations = UIInterfaceOrientationPortrait;
				INFOPLIST_KEY_UIUserInterfaceStyle = Light;
				IPHONEOS_DEPLOYMENT_TARGET = 16.0;
				LD_RUNPATH_SEARCH_PATHS = (
					"$(inherited)",
					"@executable_path/Frameworks",
				);
				MARKETING_VERSION = 1.0;
				PRODUCT_BUNDLE_IDENTIFIER = com.JSHwang.HandsUp2;
				PRODUCT_NAME = "$(TARGET_NAME)";
				SWIFT_EMIT_LOC_STRINGS = YES;
				SWIFT_OBJC_BRIDGING_HEADER = "/Users/kimminkyung/Desktop/HandsUp-iOS/HandsUp/HandsUp-Bridging-Header.h";
				SWIFT_VERSION = 5.0;
				TARGETED_DEVICE_FAMILY = "1,2";
			};
			name = Debug;
		};
		8B2109292966DFF30042D14A /* Release */ = {
			isa = XCBuildConfiguration;
			buildSettings = {
				ASSETCATALOG_COMPILER_APPICON_NAME = AppIcon;
				ASSETCATALOG_COMPILER_GLOBAL_ACCENT_COLOR_NAME = AccentColor;
				CLANG_ENABLE_OBJC_ARC = NO;
				CODE_SIGN_STYLE = Automatic;
				CURRENT_PROJECT_VERSION = 1;
				DEVELOPMENT_TEAM = FQ4G9SX78Z;
				FRAMEWORK_SEARCH_PATHS = (
					"$(inherited)",
					"$(PROJECT_DIR)/DaumMap.embeddedframework",
				);
				GENERATE_INFOPLIST_FILE = YES;
				INFOPLIST_FILE = HandsUp/Info.plist;
				INFOPLIST_KEY_UIApplicationSupportsIndirectInputEvents = YES;
				INFOPLIST_KEY_UILaunchStoryboardName = LaunchScreen;
				INFOPLIST_KEY_UIMainStoryboardFile = Main;
				INFOPLIST_KEY_UIStatusBarStyle = UIStatusBarStyleLightContent;
				INFOPLIST_KEY_UISupportedInterfaceOrientations = UIInterfaceOrientationPortrait;
				INFOPLIST_KEY_UIUserInterfaceStyle = Light;
				IPHONEOS_DEPLOYMENT_TARGET = 16.0;
				LD_RUNPATH_SEARCH_PATHS = (
					"$(inherited)",
					"@executable_path/Frameworks",
				);
				MARKETING_VERSION = 1.0;
				PRODUCT_BUNDLE_IDENTIFIER = com.JSHwang.HandsUp2;
				PRODUCT_NAME = "$(TARGET_NAME)";
				SWIFT_EMIT_LOC_STRINGS = YES;
				SWIFT_OBJC_BRIDGING_HEADER = "/Users/kimminkyung/Desktop/HandsUp-iOS/HandsUp/HandsUp-Bridging-Header.h";
				SWIFT_VERSION = 5.0;
				TARGETED_DEVICE_FAMILY = "1,2";
			};
			name = Release;
		};
/* End XCBuildConfiguration section */

/* Begin XCConfigurationList section */
		8B21090E2966DFF20042D14A /* Build configuration list for PBXProject "HandsUp" */ = {
			isa = XCConfigurationList;
			buildConfigurations = (
				8B2109252966DFF30042D14A /* Debug */,
				8B2109262966DFF30042D14A /* Release */,
			);
			defaultConfigurationIsVisible = 0;
			defaultConfigurationName = Release;
		};
		8B2109272966DFF30042D14A /* Build configuration list for PBXNativeTarget "HandsUp" */ = {
			isa = XCConfigurationList;
			buildConfigurations = (
				8B2109282966DFF30042D14A /* Debug */,
				8B2109292966DFF30042D14A /* Release */,
			);
			defaultConfigurationIsVisible = 0;
			defaultConfigurationName = Release;
		};
/* End XCConfigurationList section */

/* Begin XCRemoteSwiftPackageReference section */
		48398AEB2972DB34006FD205 /* XCRemoteSwiftPackageReference "Tabman" */ = {
			isa = XCRemoteSwiftPackageReference;
			repositoryURL = "https://github.com/uias/Tabman";
			requirement = {
				kind = upToNextMajorVersion;
				minimumVersion = 3.0.0;
			};
		};
		48C318922975B26000037D89 /* XCRemoteSwiftPackageReference "SnapKit" */ = {
			isa = XCRemoteSwiftPackageReference;
			repositoryURL = "https://github.com/SnapKit/SnapKit";
			requirement = {
				branch = develop;
				kind = branch;
			};
		};
		8B21092A2966E1430042D14A /* XCRemoteSwiftPackageReference "Alamofire" */ = {
			isa = XCRemoteSwiftPackageReference;
			repositoryURL = "https://github.com/Alamofire/Alamofire.git";
			requirement = {
				kind = upToNextMajorVersion;
				minimumVersion = 5.0.0;
			};
		};
/* End XCRemoteSwiftPackageReference section */

/* Begin XCSwiftPackageProductDependency section */
		48398AEC2972DB34006FD205 /* Tabman */ = {
			isa = XCSwiftPackageProductDependency;
			package = 48398AEB2972DB34006FD205 /* XCRemoteSwiftPackageReference "Tabman" */;
			productName = Tabman;
		};
		48C318932975B26000037D89 /* SnapKit */ = {
			isa = XCSwiftPackageProductDependency;
			package = 48C318922975B26000037D89 /* XCRemoteSwiftPackageReference "SnapKit" */;
			productName = SnapKit;
		};
		8B21092B2966E1430042D14A /* Alamofire */ = {
			isa = XCSwiftPackageProductDependency;
			package = 8B21092A2966E1430042D14A /* XCRemoteSwiftPackageReference "Alamofire" */;
			productName = Alamofire;
		};
/* End XCSwiftPackageProductDependency section */
	};
	rootObject = 8B21090B2966DFF20042D14A /* Project object */;
}
